
Microsoft Visual Studio Solution File, Format Version 12.00
# Visual Studio 2013
VisualStudioVersion = 12.0.31101.0
MinimumVisualStudioVersion = 10.0.40219.1
Project("{FAE04EC0-301F-11D3-BF4B-00C04F79EFBC}") = "HostDoctor.Diagnostics", "HostDoctor.Diagnostics\HostDoctor.Diagnostics.csproj", "{526300AB-3DA9-407B-A0B7-FB98FE5466DB}"
EndProject
Project("{FAE04EC0-301F-11D3-BF4B-00C04F79EFBC}") = "HostDoctor.ConsoleApplication", "HostDoctor.ConsoleApplication\HostDoctor.ConsoleApplication.csproj", "{E962F315-98F6-4AE0-91A4-2C7B97BC3D32}"
EndProject
Project("{2150E333-8FDC-42A3-9474-1A3956D46DE8}") = "HostDoctor", "HostDoctor", "{CAFA8610-65E9-4C06-B574-BFF0BE031562}"
EndProject
Project("{2150E333-8FDC-42A3-9474-1A3956D46DE8}") = "DashBoard", "DashBoard", "{EFFE5A3C-6A65-46BF-9A75-51B239BEE2B7}"
EndProject
Project("{FAE04EC0-301F-11D3-BF4B-00C04F79EFBC}") = "DashBoard.Web", "DashBoard.Web\DashBoard.Web.csproj", "{EAD6CF27-D334-4AF6-9114-86848E17540B}"
EndProject
Project("{FAE04EC0-301F-11D3-BF4B-00C04F79EFBC}") = "DashBoard.API", "DashBoard.API\DashBoard.API.csproj", "{18E6E771-70BF-4DB1-8609-F29E594183C3}"
EndProject
Project("{FAE04EC0-301F-11D3-BF4B-00C04F79EFBC}") = "HostDoctor.Diagnostics.Exams", "HostDoctor.Diagnostics.Exams\HostDoctor.Diagnostics.Exams.csproj", "{A59321C8-97A0-4D99-9E2F-2337AF1E5D71}"
EndProject
Project("{FAE04EC0-301F-11D3-BF4B-00C04F79EFBC}") = "HostDoctor.Diagnostics.Service", "HostDoctor.Diagnostics.Service\HostDoctor.Diagnostics.Service.csproj", "{4730E73E-7EF6-4E04-BC83-CC80201B9CD0}"
EndProject
Global
	GlobalSection(SolutionConfigurationPlatforms) = preSolution
		Debug|Any CPU = Debug|Any CPU
		Release|Any CPU = Release|Any CPU
	EndGlobalSection
	GlobalSection(ProjectConfigurationPlatforms) = postSolution
		{526300AB-3DA9-407B-A0B7-FB98FE5466DB}.Debug|Any CPU.ActiveCfg = Debug|Any CPU
		{526300AB-3DA9-407B-A0B7-FB98FE5466DB}.Debug|Any CPU.Build.0 = Debug|Any CPU
		{526300AB-3DA9-407B-A0B7-FB98FE5466DB}.Release|Any CPU.ActiveCfg = Release|Any CPU
		{526300AB-3DA9-407B-A0B7-FB98FE5466DB}.Release|Any CPU.Build.0 = Release|Any CPU
		{E962F315-98F6-4AE0-91A4-2C7B97BC3D32}.Debug|Any CPU.ActiveCfg = Debug|Any CPU
		{E962F315-98F6-4AE0-91A4-2C7B97BC3D32}.Debug|Any CPU.Build.0 = Debug|Any CPU
		{E962F315-98F6-4AE0-91A4-2C7B97BC3D32}.Release|Any CPU.ActiveCfg = Release|Any CPU
		{E962F315-98F6-4AE0-91A4-2C7B97BC3D32}.Release|Any CPU.Build.0 = Release|Any CPU
		{EAD6CF27-D334-4AF6-9114-86848E17540B}.Debug|Any CPU.ActiveCfg = Debug|Any CPU
		{EAD6CF27-D334-4AF6-9114-86848E17540B}.Debug|Any CPU.Build.0 = Debug|Any CPU
		{EAD6CF27-D334-4AF6-9114-86848E17540B}.Release|Any CPU.ActiveCfg = Release|Any CPU
		{EAD6CF27-D334-4AF6-9114-86848E17540B}.Release|Any CPU.Build.0 = Release|Any CPU
		{18E6E771-70BF-4DB1-8609-F29E594183C3}.Debug|Any CPU.ActiveCfg = Debug|Any CPU
		{18E6E771-70BF-4DB1-8609-F29E594183C3}.Debug|Any CPU.Build.0 = Debug|Any CPU
		{18E6E771-70BF-4DB1-8609-F29E594183C3}.Release|Any CPU.ActiveCfg = Release|Any CPU
		{18E6E771-70BF-4DB1-8609-F29E594183C3}.Release|Any CPU.Build.0 = Release|Any CPU
		{A59321C8-97A0-4D99-9E2F-2337AF1E5D71}.Debug|Any CPU.ActiveCfg = Debug|Any CPU
		{A59321C8-97A0-4D99-9E2F-2337AF1E5D71}.Debug|Any CPU.Build.0 = Debug|Any CPU
		{A59321C8-97A0-4D99-9E2F-2337AF1E5D71}.Release|Any CPU.ActiveCfg = Release|Any CPU
		{A59321C8-97A0-4D99-9E2F-2337AF1E5D71}.Release|Any CPU.Build.0 = Release|Any CPU
		{4730E73E-7EF6-4E04-BC83-CC80201B9CD0}.Debug|Any CPU.ActiveCfg = Debug|Any CPU
		{4730E73E-7EF6-4E04-BC83-CC80201B9CD0}.Debug|Any CPU.Build.0 = Debug|Any CPU
		{4730E73E-7EF6-4E04-BC83-CC80201B9CD0}.Release|Any CPU.ActiveCfg = Release|Any CPU
		{4730E73E-7EF6-4E04-BC83-CC80201B9CD0}.Release|Any CPU.Build.0 = Release|Any CPU
	EndGlobalSection
	GlobalSection(SolutionProperties) = preSolution
		HideSolutionNode = FALSE
	EndGlobalSection
	GlobalSection(NestedProjects) = preSolution
		{526300AB-3DA9-407B-A0B7-FB98FE5466DB} = {CAFA8610-65E9-4C06-B574-BFF0BE031562}
		{E962F315-98F6-4AE0-91A4-2C7B97BC3D32} = {CAFA8610-65E9-4C06-B574-BFF0BE031562}
		{EAD6CF27-D334-4AF6-9114-86848E17540B} = {EFFE5A3C-6A65-46BF-9A75-51B239BEE2B7}
		{18E6E771-70BF-4DB1-8609-F29E594183C3} = {EFFE5A3C-6A65-46BF-9A75-51B239BEE2B7}
		{A59321C8-97A0-4D99-9E2F-2337AF1E5D71} = {CAFA8610-65E9-4C06-B574-BFF0BE031562}
		{4730E73E-7EF6-4E04-BC83-CC80201B9CD0} = {CAFA8610-65E9-4C06-B574-BFF0BE031562}
	EndGlobalSection
EndGlobal
